
Microsoft Visual Studio Solution File, Format Version 12.00
# Visual Studio Version 17
VisualStudioVersion = 17.5.002.0
MinimumVisualStudioVersion = 10.0.40219.1
Project("{9A19103F-16F7-4668-BE54-9A1E7A4F7556}") = "13-08 Aula 03", "13-08 Criando projeto Dotnet - Aula 03\13-08 Aula 03.csproj", "{DBC65698-5265-4DA3-90F0-E6253EDBB30D}"
EndProject
Project("{9A19103F-16F7-4668-BE54-9A1E7A4F7556}") = "26-08 Aula 05", "26-08 Aula 05\26-08 Aula 05.csproj", "{543F5322-62A4-4CE3-BBEE-42199A31CECD}"
EndProject
Project("{9A19103F-16F7-4668-BE54-9A1E7A4F7556}") = "02-09 Aula 07", "02-09 Aula 07\02-09 Aula 07.csproj", "{4C6557D1-C18A-4C06-9782-66F3E92F8F2A}"
EndProject
Project("{9A19103F-16F7-4668-BE54-9A1E7A4F7556}") = "20-08 Aula 04", "20-08 Aula 04\20-08 Aula 04.csproj", "{A0075CFE-07C1-4136-BD79-6816E46292F5}"
EndProject
Project("{9A19103F-16F7-4668-BE54-9A1E7A4F7556}") = "03-08 Aula 08", "03-08 Aula 08\03-08 Aula 08.csproj", "{24D38EEB-8CDD-4CD4-BA09-587679F5CFF4}"
EndProject
Project("{9A19103F-16F7-4668-BE54-9A1E7A4F7556}") = "27-08 Aula 06", "27-08 Aula 06\27-08 Aula 06.csproj", "{4987DC76-E0A8-4706-9E16-F218FECDF50F}"
EndProject
Global
	GlobalSection(SolutionConfigurationPlatforms) = preSolution
		Debug|Any CPU = Debug|Any CPU
		Release|Any CPU = Release|Any CPU
	EndGlobalSection
	GlobalSection(ProjectConfigurationPlatforms) = postSolution
		{DBC65698-5265-4DA3-90F0-E6253EDBB30D}.Debug|Any CPU.ActiveCfg = Debug|Any CPU
		{DBC65698-5265-4DA3-90F0-E6253EDBB30D}.Debug|Any CPU.Build.0 = Debug|Any CPU
		{DBC65698-5265-4DA3-90F0-E6253EDBB30D}.Release|Any CPU.ActiveCfg = Release|Any CPU
		{DBC65698-5265-4DA3-90F0-E6253EDBB30D}.Release|Any CPU.Build.0 = Release|Any CPU
		{543F5322-62A4-4CE3-BBEE-42199A31CECD}.Debug|Any CPU.ActiveCfg = Debug|Any CPU
		{543F5322-62A4-4CE3-BBEE-42199A31CECD}.Debug|Any CPU.Build.0 = Debug|Any CPU
		{543F5322-62A4-4CE3-BBEE-42199A31CECD}.Release|Any CPU.ActiveCfg = Release|Any CPU
		{543F5322-62A4-4CE3-BBEE-42199A31CECD}.Release|Any CPU.Build.0 = Release|Any CPU
		{4C6557D1-C18A-4C06-9782-66F3E92F8F2A}.Debug|Any CPU.ActiveCfg = Debug|Any CPU
		{4C6557D1-C18A-4C06-9782-66F3E92F8F2A}.Debug|Any CPU.Build.0 = Debug|Any CPU
		{4C6557D1-C18A-4C06-9782-66F3E92F8F2A}.Release|Any CPU.ActiveCfg = Release|Any CPU
		{4C6557D1-C18A-4C06-9782-66F3E92F8F2A}.Release|Any CPU.Build.0 = Release|Any CPU
		{A0075CFE-07C1-4136-BD79-6816E46292F5}.Debug|Any CPU.ActiveCfg = Debug|Any CPU
		{A0075CFE-07C1-4136-BD79-6816E46292F5}.Debug|Any CPU.Build.0 = Debug|Any CPU
		{A0075CFE-07C1-4136-BD79-6816E46292F5}.Release|Any CPU.ActiveCfg = Release|Any CPU
		{A0075CFE-07C1-4136-BD79-6816E46292F5}.Release|Any CPU.Build.0 = Release|Any CPU
		{24D38EEB-8CDD-4CD4-BA09-587679F5CFF4}.Debug|Any CPU.ActiveCfg = Debug|Any CPU
		{24D38EEB-8CDD-4CD4-BA09-587679F5CFF4}.Debug|Any CPU.Build.0 = Debug|Any CPU
		{24D38EEB-8CDD-4CD4-BA09-587679F5CFF4}.Release|Any CPU.ActiveCfg = Release|Any CPU
		{24D38EEB-8CDD-4CD4-BA09-587679F5CFF4}.Release|Any CPU.Build.0 = Release|Any CPU
		{4987DC76-E0A8-4706-9E16-F218FECDF50F}.Debug|Any CPU.ActiveCfg = Debug|Any CPU
		{4987DC76-E0A8-4706-9E16-F218FECDF50F}.Debug|Any CPU.Build.0 = Debug|Any CPU
		{4987DC76-E0A8-4706-9E16-F218FECDF50F}.Release|Any CPU.ActiveCfg = Release|Any CPU
		{4987DC76-E0A8-4706-9E16-F218FECDF50F}.Release|Any CPU.Build.0 = Release|Any CPU
	EndGlobalSection
	GlobalSection(SolutionProperties) = preSolution
		HideSolutionNode = FALSE
	EndGlobalSection
	GlobalSection(ExtensibilityGlobals) = postSolution
		SolutionGuid = {4F36F225-5071-4AFC-8B7E-6C632CE950B5}
	EndGlobalSection
EndGlobal
