
Microsoft Visual Studio Solution File, Format Version 12.00
# Visual Studio Version 17
VisualStudioVersion = 17.5.002.0
MinimumVisualStudioVersion = 10.0.40219.1
Project("{9A19103F-16F7-4668-BE54-9A1E7A4F7556}") = "13-08 Aula 03", "13-08 Criando projeto Dotnet - Aula 03\13-08 Aula 03.csproj", "{8F0B782E-4BD6-4E32-B4FF-4FC9DFB7A7A6}"
EndProject
Project("{9A19103F-16F7-4668-BE54-9A1E7A4F7556}") = "20-08 Aula 04", "20-08 Aula 04\20-08 Aula 04.csproj", "{8A009C6B-4088-4A31-B5EE-ED10CD59CB33}"
EndProject
Global
	GlobalSection(SolutionConfigurationPlatforms) = preSolution
		Debug|Any CPU = Debug|Any CPU
		Release|Any CPU = Release|Any CPU
	EndGlobalSection
	GlobalSection(ProjectConfigurationPlatforms) = postSolution
		{8F0B782E-4BD6-4E32-B4FF-4FC9DFB7A7A6}.Debug|Any CPU.ActiveCfg = Debug|Any CPU
		{8F0B782E-4BD6-4E32-B4FF-4FC9DFB7A7A6}.Debug|Any CPU.Build.0 = Debug|Any CPU
		{8F0B782E-4BD6-4E32-B4FF-4FC9DFB7A7A6}.Release|Any CPU.ActiveCfg = Release|Any CPU
		{8F0B782E-4BD6-4E32-B4FF-4FC9DFB7A7A6}.Release|Any CPU.Build.0 = Release|Any CPU
		{8A009C6B-4088-4A31-B5EE-ED10CD59CB33}.Debug|Any CPU.ActiveCfg = Debug|Any CPU
		{8A009C6B-4088-4A31-B5EE-ED10CD59CB33}.Debug|Any CPU.Build.0 = Debug|Any CPU
		{8A009C6B-4088-4A31-B5EE-ED10CD59CB33}.Release|Any CPU.ActiveCfg = Release|Any CPU
		{8A009C6B-4088-4A31-B5EE-ED10CD59CB33}.Release|Any CPU.Build.0 = Release|Any CPU
	EndGlobalSection
	GlobalSection(SolutionProperties) = preSolution
		HideSolutionNode = FALSE
	EndGlobalSection
	GlobalSection(ExtensibilityGlobals) = postSolution
		SolutionGuid = {4F36F225-5071-4AFC-8B7E-6C632CE950B5}
	EndGlobalSection
EndGlobal
